
Microsoft Visual Studio Solution File, Format Version 12.00
# Visual Studio Version 17
VisualStudioVersion = 17.4.33205.214
MinimumVisualStudioVersion = 10.0.40219.1
Project("{FAE04EC0-301F-11D3-BF4B-00C04F79EFBC}") = "Indexer-Reflection", "Indexer-Reflection\Indexer-Reflection.csproj", "{6DE75137-F49D-4A79-B10D-D423587E95D8}"
EndProject
Project("{FAE04EC0-301F-11D3-BF4B-00C04F79EFBC}") = "ServicesLayer", "ServicesLayer\ServicesLayer.csproj", "{AA184F63-0D1F-4858-AADD-55445F11008C}"
EndProject
Project("{FAE04EC0-301F-11D3-BF4B-00C04F79EFBC}") = "DomainLayer", "DomainLayer\DomainLayer.csproj", "{3A2AD8CF-0481-42A6-8D3A-F80C2B639279}"
EndProject
Global
	GlobalSection(SolutionConfigurationPlatforms) = preSolution
		Debug|Any CPU = Debug|Any CPU
		Release|Any CPU = Release|Any CPU
	EndGlobalSection
	GlobalSection(ProjectConfigurationPlatforms) = postSolution
		{6DE75137-F49D-4A79-B10D-D423587E95D8}.Debug|Any CPU.ActiveCfg = Debug|Any CPU
		{6DE75137-F49D-4A79-B10D-D423587E95D8}.Debug|Any CPU.Build.0 = Debug|Any CPU
		{6DE75137-F49D-4A79-B10D-D423587E95D8}.Release|Any CPU.ActiveCfg = Release|Any CPU
		{6DE75137-F49D-4A79-B10D-D423587E95D8}.Release|Any CPU.Build.0 = Release|Any CPU
		{AA184F63-0D1F-4858-AADD-55445F11008C}.Debug|Any CPU.ActiveCfg = Debug|Any CPU
		{AA184F63-0D1F-4858-AADD-55445F11008C}.Debug|Any CPU.Build.0 = Debug|Any CPU
		{AA184F63-0D1F-4858-AADD-55445F11008C}.Release|Any CPU.ActiveCfg = Release|Any CPU
		{AA184F63-0D1F-4858-AADD-55445F11008C}.Release|Any CPU.Build.0 = Release|Any CPU
		{3A2AD8CF-0481-42A6-8D3A-F80C2B639279}.Debug|Any CPU.ActiveCfg = Debug|Any CPU
		{3A2AD8CF-0481-42A6-8D3A-F80C2B639279}.Debug|Any CPU.Build.0 = Debug|Any CPU
		{3A2AD8CF-0481-42A6-8D3A-F80C2B639279}.Release|Any CPU.ActiveCfg = Release|Any CPU
		{3A2AD8CF-0481-42A6-8D3A-F80C2B639279}.Release|Any CPU.Build.0 = Release|Any CPU
	EndGlobalSection
	GlobalSection(SolutionProperties) = preSolution
		HideSolutionNode = FALSE
	EndGlobalSection
	GlobalSection(ExtensibilityGlobals) = postSolution
		SolutionGuid = {3A6CA833-614C-42FF-B306-438C2FE78136}
	EndGlobalSection
EndGlobal
